
Microsoft Visual Studio Solution File, Format Version 12.00
# Visual Studio Version 17
VisualStudioVersion = 17.11.35327.3
MinimumVisualStudioVersion = 10.0.40219.1
Project("{FAE04EC0-301F-11D3-BF4B-00C04F79EFBC}") = "nhom04_QLBH", "nhom04_QLBH\nhom04_QLBH.csproj", "{94DD10C5-57B1-4D61-B371-BF3ADF60FFFD}"
EndProject
Global
	GlobalSection(SolutionConfigurationPlatforms) = preSolution
		Debug|Any CPU = Debug|Any CPU
		Release|Any CPU = Release|Any CPU
	EndGlobalSection
	GlobalSection(ProjectConfigurationPlatforms) = postSolution
		{94DD10C5-57B1-4D61-B371-BF3ADF60FFFD}.Debug|Any CPU.ActiveCfg = Debug|Any CPU
		{94DD10C5-57B1-4D61-B371-BF3ADF60FFFD}.Debug|Any CPU.Build.0 = Debug|Any CPU
		{94DD10C5-57B1-4D61-B371-BF3ADF60FFFD}.Release|Any CPU.ActiveCfg = Release|Any CPU
		{94DD10C5-57B1-4D61-B371-BF3ADF60FFFD}.Release|Any CPU.Build.0 = Release|Any CPU
	EndGlobalSection
	GlobalSection(SolutionProperties) = preSolution
		HideSolutionNode = FALSE
	EndGlobalSection
	GlobalSection(ExtensibilityGlobals) = postSolution
		SolutionGuid = {DF86E025-A0FE-40FE-AD85-FD94B9017C17}
	EndGlobalSection
EndGlobal
